# THIS IS AN AUTOGENERATED FILE. DO NOT EDIT THIS FILE DIRECTLY.
# yarn lockfile v1


react-error-overlay@6.0.9:
  version "6.0.9"
  resolved "https://registry.yarnpkg.com/react-error-overlay/-/react-error-overlay-6.0.9.tgz#3c743010c9359608c375ecd6bc76f35d93995b0a"
  integrity sha512-nQTTcUu+ATDbrSD1BZHr5kgSD4oF8OFjxun8uAaL8RwPBacGBNPf/yAuVVdx17N8XNzRDMrZ9XcKZHCjPW+9ew==

web-vitals@3.0.0:
  version "3.0.0"
  resolved "https://registry.yarnpkg.com/web-vitals/-/web-vitals-3.0.0.tgz#db8a32fd62738a439343309336720ee5685ac71e"
  integrity sha512-3Gh6rH5aetFYqfkl9V59KCvjj9vp9U2Tkaep9MO+xpAVg+JULmQfi5zEkcPLkE6iU8pNYVwdjHvIU8RFAchYyQ==
