# THIS IS AN AUTOGENERATED FILE. DO NOT EDIT THIS FILE DIRECTLY.
# yarn lockfile v1


remixicon@^2.5.0:
  version "2.5.0"
  resolved "https://registry.yarnpkg.com/remixicon/-/remixicon-2.5.0.tgz#b5e245894a1550aa23793f95daceadbf96ad1a41"
  integrity sha512-q54ra2QutYDZpuSnFjmeagmEiN9IMo56/zz5dDNitzKD23oFRw77cWo4TsrAdmdkPiEn8mxlrTqxnkujDbEGww==
